
Microsoft Visual Studio Solution File, Format Version 12.00
# Visual Studio Version 17
VisualStudioVersion = 17.9.34714.143
MinimumVisualStudioVersion = 10.0.40219.1
Project("{2150E333-8FDC-42A3-9474-1A3956D46DE8}") = "1- Presentation", "1- Presentation", "{5C18F134-67E7-4C79-BA5F-0832B213C14C}"
EndProject
Project("{FAE04EC0-301F-11D3-BF4B-00C04F79EFBC}") = "Joshua.API", "Joshua.API\Joshua.API.csproj", "{1ECC58B3-5124-4BE8-BA42-9937A133C03B}"
EndProject
Project("{2150E333-8FDC-42A3-9474-1A3956D46DE8}") = "2 - Application", "2 - Application", "{496809D5-BB2B-4224-95ED-0AB1416AD64F}"
EndProject
Project("{2150E333-8FDC-42A3-9474-1A3956D46DE8}") = "3 - Domain", "3 - Domain", "{C7D0C060-97FF-41C4-9E8E-DFFC11639C7B}"
EndProject
Project("{2150E333-8FDC-42A3-9474-1A3956D46DE8}") = "4 - Infra", "4 - Infra", "{CEF60628-E687-439D-8CD6-9A8C2D4776E2}"
EndProject
Project("{FAE04EC0-301F-11D3-BF4B-00C04F79EFBC}") = "Joshua.Domain", "Joshua.Domain\Joshua.Domain.csproj", "{5839A271-957A-4784-AA2A-039CDD929E63}"
EndProject
Project("{FAE04EC0-301F-11D3-BF4B-00C04F79EFBC}") = "Joshua.Infra.Data", "Joshua.Infra.Data\Joshua.Infra.Data.csproj", "{D8D6A0E1-E6AE-4241-AD51-D52A1C366AE9}"
EndProject
Project("{FAE04EC0-301F-11D3-BF4B-00C04F79EFBC}") = "Joshua.Application", "Joshua.Application\Joshua.Application.csproj", "{8359792C-D698-47D9-A2C2-0D9D017EBA4F}"
EndProject
Global
	GlobalSection(SolutionConfigurationPlatforms) = preSolution
		Debug|Any CPU = Debug|Any CPU
		Release|Any CPU = Release|Any CPU
	EndGlobalSection
	GlobalSection(ProjectConfigurationPlatforms) = postSolution
		{1ECC58B3-5124-4BE8-BA42-9937A133C03B}.Debug|Any CPU.ActiveCfg = Debug|Any CPU
		{1ECC58B3-5124-4BE8-BA42-9937A133C03B}.Debug|Any CPU.Build.0 = Debug|Any CPU
		{1ECC58B3-5124-4BE8-BA42-9937A133C03B}.Release|Any CPU.ActiveCfg = Release|Any CPU
		{1ECC58B3-5124-4BE8-BA42-9937A133C03B}.Release|Any CPU.Build.0 = Release|Any CPU
		{5839A271-957A-4784-AA2A-039CDD929E63}.Debug|Any CPU.ActiveCfg = Debug|Any CPU
		{5839A271-957A-4784-AA2A-039CDD929E63}.Debug|Any CPU.Build.0 = Debug|Any CPU
		{5839A271-957A-4784-AA2A-039CDD929E63}.Release|Any CPU.ActiveCfg = Release|Any CPU
		{5839A271-957A-4784-AA2A-039CDD929E63}.Release|Any CPU.Build.0 = Release|Any CPU
		{D8D6A0E1-E6AE-4241-AD51-D52A1C366AE9}.Debug|Any CPU.ActiveCfg = Debug|Any CPU
		{D8D6A0E1-E6AE-4241-AD51-D52A1C366AE9}.Debug|Any CPU.Build.0 = Debug|Any CPU
		{D8D6A0E1-E6AE-4241-AD51-D52A1C366AE9}.Release|Any CPU.ActiveCfg = Release|Any CPU
		{D8D6A0E1-E6AE-4241-AD51-D52A1C366AE9}.Release|Any CPU.Build.0 = Release|Any CPU
		{8359792C-D698-47D9-A2C2-0D9D017EBA4F}.Debug|Any CPU.ActiveCfg = Debug|Any CPU
		{8359792C-D698-47D9-A2C2-0D9D017EBA4F}.Debug|Any CPU.Build.0 = Debug|Any CPU
		{8359792C-D698-47D9-A2C2-0D9D017EBA4F}.Release|Any CPU.ActiveCfg = Release|Any CPU
		{8359792C-D698-47D9-A2C2-0D9D017EBA4F}.Release|Any CPU.Build.0 = Release|Any CPU
	EndGlobalSection
	GlobalSection(SolutionProperties) = preSolution
		HideSolutionNode = FALSE
	EndGlobalSection
	GlobalSection(NestedProjects) = preSolution
		{1ECC58B3-5124-4BE8-BA42-9937A133C03B} = {5C18F134-67E7-4C79-BA5F-0832B213C14C}
		{5839A271-957A-4784-AA2A-039CDD929E63} = {C7D0C060-97FF-41C4-9E8E-DFFC11639C7B}
		{D8D6A0E1-E6AE-4241-AD51-D52A1C366AE9} = {CEF60628-E687-439D-8CD6-9A8C2D4776E2}
		{8359792C-D698-47D9-A2C2-0D9D017EBA4F} = {496809D5-BB2B-4224-95ED-0AB1416AD64F}
	EndGlobalSection
	GlobalSection(ExtensibilityGlobals) = postSolution
		SolutionGuid = {23B237E7-37C1-4D97-916F-17F27A4C42C5}
	EndGlobalSection
EndGlobal
